
Microsoft Visual Studio Solution File, Format Version 12.00
# Visual Studio Version 17
VisualStudioVersion = 17.13.35913.81 d17.13
MinimumVisualStudioVersion = 10.0.40219.1
Project("{FAE04EC0-301F-11D3-BF4B-00C04F79EFBC}") = "Auth_API", "Auth_API\Auth_API.csproj", "{A3B3E0E5-EEF2-4115-838A-7860C1D375B2}"
EndProject
Project("{FAE04EC0-301F-11D3-BF4B-00C04F79EFBC}") = "Project_API", "Project_API\Project_API.csproj", "{3897C6B7-0250-41EE-8371-39F8F872A920}"
EndProject
Project("{FAE04EC0-301F-11D3-BF4B-00C04F79EFBC}") = "Task_API", "Task_API\Task_API.csproj", "{D3879EF2-10DC-4C75-8280-DB0EA6D96903}"
EndProject
Project("{54A90642-561A-4BB1-A94E-469ADEE60C69}") = "tiiwebclient", "TiiWebClient\tiiwebclient.esproj", "{ACEAFBAA-8CF0-F8E6-3C8D-DDF50119DE86}"
EndProject
Global
	GlobalSection(SolutionConfigurationPlatforms) = preSolution
		Debug|Any CPU = Debug|Any CPU
		Release|Any CPU = Release|Any CPU
	EndGlobalSection
	GlobalSection(ProjectConfigurationPlatforms) = postSolution
		{A3B3E0E5-EEF2-4115-838A-7860C1D375B2}.Debug|Any CPU.ActiveCfg = Debug|Any CPU
		{A3B3E0E5-EEF2-4115-838A-7860C1D375B2}.Debug|Any CPU.Build.0 = Debug|Any CPU
		{A3B3E0E5-EEF2-4115-838A-7860C1D375B2}.Release|Any CPU.ActiveCfg = Release|Any CPU
		{A3B3E0E5-EEF2-4115-838A-7860C1D375B2}.Release|Any CPU.Build.0 = Release|Any CPU
		{3897C6B7-0250-41EE-8371-39F8F872A920}.Debug|Any CPU.ActiveCfg = Debug|Any CPU
		{3897C6B7-0250-41EE-8371-39F8F872A920}.Debug|Any CPU.Build.0 = Debug|Any CPU
		{3897C6B7-0250-41EE-8371-39F8F872A920}.Release|Any CPU.ActiveCfg = Release|Any CPU
		{3897C6B7-0250-41EE-8371-39F8F872A920}.Release|Any CPU.Build.0 = Release|Any CPU
		{D3879EF2-10DC-4C75-8280-DB0EA6D96903}.Debug|Any CPU.ActiveCfg = Debug|Any CPU
		{D3879EF2-10DC-4C75-8280-DB0EA6D96903}.Debug|Any CPU.Build.0 = Debug|Any CPU
		{D3879EF2-10DC-4C75-8280-DB0EA6D96903}.Release|Any CPU.ActiveCfg = Release|Any CPU
		{D3879EF2-10DC-4C75-8280-DB0EA6D96903}.Release|Any CPU.Build.0 = Release|Any CPU
		{ACEAFBAA-8CF0-F8E6-3C8D-DDF50119DE86}.Debug|Any CPU.ActiveCfg = Debug|Any CPU
		{ACEAFBAA-8CF0-F8E6-3C8D-DDF50119DE86}.Debug|Any CPU.Build.0 = Debug|Any CPU
		{ACEAFBAA-8CF0-F8E6-3C8D-DDF50119DE86}.Debug|Any CPU.Deploy.0 = Debug|Any CPU
		{ACEAFBAA-8CF0-F8E6-3C8D-DDF50119DE86}.Release|Any CPU.ActiveCfg = Release|Any CPU
		{ACEAFBAA-8CF0-F8E6-3C8D-DDF50119DE86}.Release|Any CPU.Build.0 = Release|Any CPU
		{ACEAFBAA-8CF0-F8E6-3C8D-DDF50119DE86}.Release|Any CPU.Deploy.0 = Release|Any CPU
	EndGlobalSection
	GlobalSection(SolutionProperties) = preSolution
		HideSolutionNode = FALSE
	EndGlobalSection
	GlobalSection(ExtensibilityGlobals) = postSolution
		SolutionGuid = {DE5ACB67-BE69-46D4-B5D7-E433DE664C3A}
	EndGlobalSection
EndGlobal
